{
  "name": "vbs-excel-utilities",
  "version": "1.0.0",
  "lockfileVersion": 1,
  "requires": true,
  "dependencies": {
    "vbspm": {
      "version": "1.2.5",
      "resolved": "http://xps.local:4873/vbspm/-/vbspm-1.2.5.tgz",
      "integrity": "sha512-kBdouqlBVbabIaBy++hBqVI2WvnZom1XJQ/Xk30anyh5W79zIedb2dPOMWbMRSCjYDxpKOXdoxTstevtMO5Z4Q==",
      "dev": true
    }
  }
}
